// !$*UTF8*$!
{
	archiveVersion = 1;
	classes = {
	};
	objectVersion = 46;
	objects = {

/* Begin PBXBuildFile section */
		C83B73D11BF70C8F00EEB97E /* AppDelegate.swift in Sources */ = {isa = PBXBuildFile; fileRef = C83B73D01BF70C8F00EEB97E /* AppDelegate.swift */; };
		C83B73D31BF70C8F00EEB97E /* ViewController.swift in Sources */ = {isa = PBXBuildFile; fileRef = C83B73D21BF70C8F00EEB97E /* ViewController.swift */; };
		C83B73D61BF70C8F00EEB97E /* Main.storyboard in Resources */ = {isa = PBXBuildFile; fileRef = C83B73D41BF70C8F00EEB97E /* Main.storyboard */; };
		C83B73D81BF70C8F00EEB97E /* Images.xcassets in Resources */ = {isa = PBXBuildFile; fileRef = C83B73D71BF70C8F00EEB97E /* Images.xcassets */; };
		C83B73DB1BF70C8F00EEB97E /* LaunchScreen.xib in Resources */ = {isa = PBXBuildFile; fileRef = C83B73D91BF70C8F00EEB97E /* LaunchScreen.xib */; };
		C83B73E71BF70C8F00EEB97E /* OpenFeelTests.swift in Sources */ = {isa = PBXBuildFile; fileRef = C83B73E61BF70C8F00EEB97E /* OpenFeelTests.swift */; };
		C83B73F51BF711F400EEB97E /* MicrosoftBandKit_iOS.framework in Frameworks */ = {isa = PBXBuildFile; fileRef = C83B73F41BF711F400EEB97E /* MicrosoftBandKit_iOS.framework */; };
		C83B73F71BF7121100EEB97E /* CoreBluetooth.framework in Frameworks */ = {isa = PBXBuildFile; fileRef = C83B73F61BF7121100EEB97E /* CoreBluetooth.framework */; };
		C83B73F91BF7121E00EEB97E /* SystemConfiguration.framework in Frameworks */ = {isa = PBXBuildFile; fileRef = C83B73F81BF7121E00EEB97E /* SystemConfiguration.framework */; };
/* End PBXBuildFile section */

/* Begin PBXContainerItemProxy section */
		C83B73E11BF70C8F00EEB97E /* PBXContainerItemProxy */ = {
			isa = PBXContainerItemProxy;
			containerPortal = C83B73C31BF70C8F00EEB97E /* Project object */;
			proxyType = 1;
			remoteGlobalIDString = C83B73CA1BF70C8F00EEB97E;
			remoteInfo = OpenFeel;
		};
/* End PBXContainerItemProxy section */

/* Begin PBXFileReference section */
		C83B73CB1BF70C8F00EEB97E /* OpenFeel.app */ = {isa = PBXFileReference; explicitFileType = wrapper.application; includeInIndex = 0; path = OpenFeel.app; sourceTree = BUILT_PRODUCTS_DIR; };
		C83B73CF1BF70C8F00EEB97E /* Info.plist */ = {isa = PBXFileReference; lastKnownFileType = text.plist.xml; path = Info.plist; sourceTree = "<group>"; };
		C83B73D01BF70C8F00EEB97E /* AppDelegate.swift */ = {isa = PBXFileReference; lastKnownFileType = sourcecode.swift; path = AppDelegate.swift; sourceTree = "<group>"; };
		C83B73D21BF70C8F00EEB97E /* ViewController.swift */ = {isa = PBXFileReference; lastKnownFileType = sourcecode.swift; path = ViewController.swift; sourceTree = "<group>"; };
		C83B73D51BF70C8F00EEB97E /* Base */ = {isa = PBXFileReference; lastKnownFileType = file.storyboard; name = Base; path = Base.lproj/Main.storyboard; sourceTree = "<group>"; };
		C83B73D71BF70C8F00EEB97E /* Images.xcassets */ = {isa = PBXFileReference; lastKnownFileType = folder.assetcatalog; path = Images.xcassets; sourceTree = "<group>"; };
		C83B73DA1BF70C8F00EEB97E /* Base */ = {isa = PBXFileReference; lastKnownFileType = file.xib; name = Base; path = Base.lproj/LaunchScreen.xib; sourceTree = "<group>"; };
		C83B73E01BF70C8F00EEB97E /* OpenFeelTests.xctest */ = {isa = PBXFileReference; explicitFileType = wrapper.cfbundle; includeInIndex = 0; path = OpenFeelTests.xctest; sourceTree = BUILT_PRODUCTS_DIR; };
		C83B73E51BF70C8F00EEB97E /* Info.plist */ = {isa = PBXFileReference; lastKnownFileType = text.plist.xml; path = Info.plist; sourceTree = "<group>"; };
		C83B73E61BF70C8F00EEB97E /* OpenFeelTests.swift */ = {isa = PBXFileReference; lastKnownFileType = sourcecode.swift; path = OpenFeelTests.swift; sourceTree = "<group>"; };
		C83B73F21BF711EB00EEB97E /* OpenFeel */ = {isa = PBXFileReference; lastKnownFileType = folder; name = OpenFeel; sourceTree = "<group>"; };
		C83B73F41BF711F400EEB97E /* MicrosoftBandKit_iOS.framework */ = {isa = PBXFileReference; lastKnownFileType = wrapper.framework; name = MicrosoftBandKit_iOS.framework; path = ../../Downloads/MicrosoftBandKit_iOS_SAMPLES_1.3.10929.1/MicrosoftBandKit_iOS.framework; sourceTree = "<group>"; };
		C83B73F61BF7121100EEB97E /* CoreBluetooth.framework */ = {isa = PBXFileReference; lastKnownFileType = wrapper.framework; name = CoreBluetooth.framework; path = System/Library/Frameworks/CoreBluetooth.framework; sourceTree = SDKROOT; };
		C83B73F81BF7121E00EEB97E /* SystemConfiguration.framework */ = {isa = PBXFileReference; lastKnownFileType = wrapper.framework; name = SystemConfiguration.framework; path = System/Library/Frameworks/SystemConfiguration.framework; sourceTree = SDKROOT; };
/* End PBXFileReference section */

/* Begin PBXFrameworksBuildPhase section */
		C83B73C81BF70C8F00EEB97E /* Frameworks */ = {
			isa = PBXFrameworksBuildPhase;
			buildActionMask = 2147483647;
			files = (
				C83B73F91BF7121E00EEB97E /* SystemConfiguration.framework in Frameworks */,
				C83B73F71BF7121100EEB97E /* CoreBluetooth.framework in Frameworks */,
				C83B73F51BF711F400EEB97E /* MicrosoftBandKit_iOS.framework in Frameworks */,
			);
			runOnlyForDeploymentPostprocessing = 0;
		};
		C83B73DD1BF70C8F00EEB97E /* Frameworks */ = {
			isa = PBXFrameworksBuildPhase;
			buildActionMask = 2147483647;
			files = (
			);
			runOnlyForDeploymentPostprocessing = 0;
		};
/* End PBXFrameworksBuildPhase section */

/* Begin PBXGroup section */
		C83B73C21BF70C8F00EEB97E = {
			isa = PBXGroup;
			children = (
				C83B73F81BF7121E00EEB97E /* SystemConfiguration.framework */,
				C83B73F61BF7121100EEB97E /* CoreBluetooth.framework */,
				C83B73F41BF711F400EEB97E /* MicrosoftBandKit_iOS.framework */,
				C83B73F21BF711EB00EEB97E /* OpenFeel */,
				C83B73CD1BF70C8F00EEB97E /* OpenFeel */,
				C83B73E31BF70C8F00EEB97E /* OpenFeelTests */,
				C83B73CC1BF70C8F00EEB97E /* Products */,
			);
			sourceTree = "<group>";
		};
		C83B73CC1BF70C8F00EEB97E /* Products */ = {
			isa = PBXGroup;
			children = (
				C83B73CB1BF70C8F00EEB97E /* OpenFeel.app */,
				C83B73E01BF70C8F00EEB97E /* OpenFeelTests.xctest */,
			);
			name = Products;
			sourceTree = "<group>";
		};
		C83B73CD1BF70C8F00EEB97E /* OpenFeel */ = {
			isa = PBXGroup;
			children = (
				C83B73D01BF70C8F00EEB97E /* AppDelegate.swift */,
				C83B73D21BF70C8F00EEB97E /* ViewController.swift */,
				C83B73D41BF70C8F00EEB97E /* Main.storyboard */,
				C83B73D71BF70C8F00EEB97E /* Images.xcassets */,
				C83B73D91BF70C8F00EEB97E /* LaunchScreen.xib */,
				C83B73CE1BF70C8F00EEB97E /* Supporting Files */,
			);
			path = OpenFeel;
			sourceTree = "<group>";
		};
		C83B73CE1BF70C8F00EEB97E /* Supporting Files */ = {
			isa = PBXGroup;
			children = (
				C83B73CF1BF70C8F00EEB97E /* Info.plist */,
			);
			name = "Supporting Files";
			sourceTree = "<group>";
		};
		C83B73E31BF70C8F00EEB97E /* OpenFeelTests */ = {
			isa = PBXGroup;
			children = (
				C83B73E61BF70C8F00EEB97E /* OpenFeelTests.swift */,
				C83B73E41BF70C8F00EEB97E /* Supporting Files */,
			);
			path = OpenFeelTests;
			sourceTree = "<group>";
		};
		C83B73E41BF70C8F00EEB97E /* Supporting Files */ = {
			isa = PBXGroup;
			children = (
				C83B73E51BF70C8F00EEB97E /* Info.plist */,
			);
			name = "Supporting Files";
			sourceTree = "<group>";
		};
/* End PBXGroup section */

/* Begin PBXNativeTarget section */
		C83B73CA1BF70C8F00EEB97E /* OpenFeel */ = {
			isa = PBXNativeTarget;
			buildConfigurationList = C83B73EA1BF70C8F00EEB97E /* Build configuration list for PBXNativeTarget "OpenFeel" */;
			buildPhases = (
				C83B73C71BF70C8F00EEB97E /* Sources */,
				C83B73C81BF70C8F00EEB97E /* Frameworks */,
				C83B73C91BF70C8F00EEB97E /* Resources */,
			);
			buildRules = (
			);
			dependencies = (
			);
			name = OpenFeel;
			productName = OpenFeel;
			productReference = C83B73CB1BF70C8F00EEB97E /* OpenFeel.app */;
			productType = "com.apple.product-type.application";
		};
		C83B73DF1BF70C8F00EEB97E /* OpenFeelTests */ = {
			isa = PBXNativeTarget;
			buildConfigurationList = C83B73ED1BF70C8F00EEB97E /* Build configuration list for PBXNativeTarget "OpenFeelTests" */;
			buildPhases = (
				C83B73DC1BF70C8F00EEB97E /* Sources */,
				C83B73DD1BF70C8F00EEB97E /* Frameworks */,
				C83B73DE1BF70C8F00EEB97E /* Resources */,
			);
			buildRules = (
			);
			dependencies = (
				C83B73E21BF70C8F00EEB97E /* PBXTargetDependency */,
			);
			name = OpenFeelTests;
			productName = OpenFeelTests;
			productReference = C83B73E01BF70C8F00EEB97E /* OpenFeelTests.xctest */;
			productType = "com.apple.product-type.bundle.unit-test";
		};
/* End PBXNativeTarget section */

/* Begin PBXProject section */
		C83B73C31BF70C8F00EEB97E /* Project object */ = {
			isa = PBXProject;
			attributes = {
				LastUpgradeCheck = 0640;
				ORGANIZATIONNAME = HackHarvard;
				TargetAttributes = {
					C83B73CA1BF70C8F00EEB97E = {
						CreatedOnToolsVersion = 6.4;
					};
					C83B73DF1BF70C8F00EEB97E = {
						CreatedOnToolsVersion = 6.4;
						TestTargetID = C83B73CA1BF70C8F00EEB97E;
					};
				};
			};
			buildConfigurationList = C83B73C61BF70C8F00EEB97E /* Build configuration list for PBXProject "OpenFeel" */;
			compatibilityVersion = "Xcode 3.2";
			developmentRegion = English;
			hasScannedForEncodings = 0;
			knownRegions = (
				en,
				Base,
			);
			mainGroup = C83B73C21BF70C8F00EEB97E;
			productRefGroup = C83B73CC1BF70C8F00EEB97E /* Products */;
			projectDirPath = "";
			projectRoot = "";
			targets = (
				C83B73CA1BF70C8F00EEB97E /* OpenFeel */,
				C83B73DF1BF70C8F00EEB97E /* OpenFeelTests */,
			);
		};
/* End PBXProject section */

/* Begin PBXResourcesBuildPhase section */
		C83B73C91BF70C8F00EEB97E /* Resources */ = {
			isa = PBXResourcesBuildPhase;
			buildActionMask = 2147483647;
			files = (
				C83B73D61BF70C8F00EEB97E /* Main.storyboard in Resources */,
				C83B73DB1BF70C8F00EEB97E /* LaunchScreen.xib in Resources */,
				C83B73D81BF70C8F00EEB97E /* Images.xcassets in Resources */,
			);
			runOnlyForDeploymentPostprocessing = 0;
		};
		C83B73DE1BF70C8F00EEB97E /* Resources */ = {
			isa = PBXResourcesBuildPhase;
			buildActionMask = 2147483647;
			files = (
			);
			runOnlyForDeploymentPostprocessing = 0;
		};
/* End PBXResourcesBuildPhase section */

/* Begin PBXSourcesBuildPhase section */
		C83B73C71BF70C8F00EEB97E /* Sources */ = {
			isa = PBXSourcesBuildPhase;
			buildActionMask = 2147483647;
			files = (
				C83B73D31BF70C8F00EEB97E /* ViewController.swift in Sources */,
				C83B73D11BF70C8F00EEB97E /* AppDelegate.swift in Sources */,
			);
			runOnlyForDeploymentPostprocessing = 0;
		};
		C83B73DC1BF70C8F00EEB97E /* Sources */ = {
			isa = PBXSourcesBuildPhase;
			buildActionMask = 2147483647;
			files = (
				C83B73E71BF70C8F00EEB97E /* OpenFeelTests.swift in Sources */,
			);
			runOnlyForDeploymentPostprocessing = 0;
		};
/* End PBXSourcesBuildPhase section */

/* Begin PBXTargetDependency section */
		C83B73E21BF70C8F00EEB97E /* PBXTargetDependency */ = {
			isa = PBXTargetDependency;
			target = C83B73CA1BF70C8F00EEB97E /* OpenFeel */;
			targetProxy = C83B73E11BF70C8F00EEB97E /* PBXContainerItemProxy */;
		};
/* End PBXTargetDependency section */

/* Begin PBXVariantGroup section */
		C83B73D41BF70C8F00EEB97E /* Main.storyboard */ = {
			isa = PBXVariantGroup;
			children = (
				C83B73D51BF70C8F00EEB97E /* Base */,
			);
			name = Main.storyboard;
			sourceTree = "<group>";
		};
		C83B73D91BF70C8F00EEB97E /* LaunchScreen.xib */ = {
			isa = PBXVariantGroup;
			children = (
				C83B73DA1BF70C8F00EEB97E /* Base */,
			);
			name = LaunchScreen.xib;
			sourceTree = "<group>";
		};
/* End PBXVariantGroup section */

/* Begin XCBuildConfiguration section */
		C83B73E81BF70C8F00EEB97E /* Debug */ = {
			isa = XCBuildConfiguration;
			buildSettings = {
				ALWAYS_SEARCH_USER_PATHS = NO;
				CLANG_CXX_LANGUAGE_STANDARD = "gnu++0x";
				CLANG_CXX_LIBRARY = "libc++";
				CLANG_ENABLE_MODULES = YES;
				CLANG_ENABLE_OBJC_ARC = YES;
				CLANG_WARN_BOOL_CONVERSION = YES;
				CLANG_WARN_CONSTANT_CONVERSION = YES;
				CLANG_WARN_DIRECT_OBJC_ISA_USAGE = YES_ERROR;
				CLANG_WARN_EMPTY_BODY = YES;
				CLANG_WARN_ENUM_CONVERSION = YES;
				CLANG_WARN_INT_CONVERSION = YES;
				CLANG_WARN_OBJC_ROOT_CLASS = YES_ERROR;
				CLANG_WARN_UNREACHABLE_CODE = YES;
				CLANG_WARN__DUPLICATE_METHOD_MATCH = YES;
				"CODE_SIGN_IDENTITY[sdk=iphoneos*]" = "iPhone Developer";
				COPY_PHASE_STRIP = NO;
				DEBUG_INFORMATION_FORMAT = "dwarf-with-dsym";
				ENABLE_STRICT_OBJC_MSGSEND = YES;
				GCC_C_LANGUAGE_STANDARD = gnu99;
				GCC_DYNAMIC_NO_PIC = NO;
				GCC_NO_COMMON_BLOCKS = YES;
				GCC_OPTIMIZATION_LEVEL = 0;
				GCC_PREPROCESSOR_DEFINITIONS = (
					"DEBUG=1",
					"$(inherited)",
				);
				GCC_SYMBOLS_PRIVATE_EXTERN = NO;
				GCC_WARN_64_TO_32_BIT_CONVERSION = YES;
				GCC_WARN_ABOUT_RETURN_TYPE = YES_ERROR;
				GCC_WARN_UNDECLARED_SELECTOR = YES;
				GCC_WARN_UNINITIALIZED_AUTOS = YES_AGGRESSIVE;
				GCC_WARN_UNUSED_FUNCTION = YES;
				GCC_WARN_UNUSED_VARIABLE = YES;
				IPHONEOS_DEPLOYMENT_TARGET = 8.4;
				MTL_ENABLE_DEBUG_INFO = YES;
				ONLY_ACTIVE_ARCH = YES;
				SDKROOT = iphoneos;
				SWIFT_OPTIMIZATION_LEVEL = "-Onone";
			};
			name = Debug;
		};
		C83B73E91BF70C8F00EEB97E /* Release */ = {
			isa = XCBuildConfiguration;
			buildSettings = {
				ALWAYS_SEARCH_USER_PATHS = NO;
				CLANG_CXX_LANGUAGE_STANDARD = "gnu++0x";
				CLANG_CXX_LIBRARY = "libc++";
				CLANG_ENABLE_MODULES = YES;
				CLANG_ENABLE_OBJC_ARC = YES;
				CLANG_WARN_BOOL_CONVERSION = YES;
				CLANG_WARN_CONSTANT_CONVERSION = YES;
				CLANG_WARN_DIRECT_OBJC_ISA_USAGE = YES_ERROR;
				CLANG_WARN_EMPTY_BODY = YES;
				CLANG_WARN_ENUM_CONVERSION = YES;
				CLANG_WARN_INT_CONVERSION = YES;
				CLANG_WARN_OBJC_ROOT_CLASS = YES_ERROR;
				CLANG_WARN_UNREACHABLE_CODE = YES;
				CLANG_WARN__DUPLICATE_METHOD_MATCH = YES;
				"CODE_SIGN_IDENTITY[sdk=iphoneos*]" = "iPhone Developer";
				COPY_PHASE_STRIP = NO;
				DEBUG_INFORMATION_FORMAT = "dwarf-with-dsym";
				ENABLE_NS_ASSERTIONS = NO;
				ENABLE_STRICT_OBJC_MSGSEND = YES;
				GCC_C_LANGUAGE_STANDARD = gnu99;
				GCC_NO_COMMON_BLOCKS = YES;
				GCC_WARN_64_TO_32_BIT_CONVERSION = YES;
				GCC_WARN_ABOUT_RETURN_TYPE = YES_ERROR;
				GCC_WARN_UNDECLARED_SELECTOR = YES;
				GCC_WARN_UNINITIALIZED_AUTOS = YES_AGGRESSIVE;
				GCC_WARN_UNUSED_FUNCTION = YES;
				GCC_WARN_UNUSED_VARIABLE = YES;
				IPHONEOS_DEPLOYMENT_TARGET = 8.4;
				MTL_ENABLE_DEBUG_INFO = NO;
				SDKROOT = iphoneos;
				VALIDATE_PRODUCT = YES;
			};
			name = Release;
		};
		C83B73EB1BF70C8F00EEB97E /* Debug */ = {
			isa = XCBuildConfiguration;
			buildSettings = {
				ASSETCATALOG_COMPILER_APPICON_NAME = AppIcon;
				FRAMEWORK_SEARCH_PATHS = (
					"$(inherited)",
					/Users/owner/Downloads/MicrosoftBandKit_iOS_SAMPLES_1.3.10929.1,
				);
				INFOPLIST_FILE = OpenFeel/Info.plist;
				LD_RUNPATH_SEARCH_PATHS = "$(inherited) @executable_path/Frameworks";
				PRODUCT_NAME = "$(TARGET_NAME)";
			};
			name = Debug;
		};
		C83B73EC1BF70C8F00EEB97E /* Release */ = {
			isa = XCBuildConfiguration;
			buildSettings = {
				ASSETCATALOG_COMPILER_APPICON_NAME = AppIcon;
				FRAMEWORK_SEARCH_PATHS = (
					"$(inherited)",
					/Users/owner/Downloads/MicrosoftBandKit_iOS_SAMPLES_1.3.10929.1,
				);
				INFOPLIST_FILE = OpenFeel/Info.plist;
				LD_RUNPATH_SEARCH_PATHS = "$(inherited) @executable_path/Frameworks";
				PRODUCT_NAME = "$(TARGET_NAME)";
			};
			name = Release;
		};
		C83B73EE1BF70C8F00EEB97E /* Debug */ = {
			isa = XCBuildConfiguration;
			buildSettings = {
				BUNDLE_LOADER = "$(TEST_HOST)";
				FRAMEWORK_SEARCH_PATHS = (
					"$(SDKROOT)/Developer/Library/Frameworks",
					"$(inherited)",
				);
				GCC_PREPROCESSOR_DEFINITIONS = (
					"DEBUG=1",
					"$(inherited)",
				);
				INFOPLIST_FILE = OpenFeelTests/Info.plist;
				LD_RUNPATH_SEARCH_PATHS = "$(inherited) @executable_path/Frameworks @loader_path/Frameworks";
				PRODUCT_NAME = "$(TARGET_NAME)";
				TEST_HOST = "$(BUILT_PRODUCTS_DIR)/OpenFeel.app/OpenFeel";
			};
			name = Debug;
		};
		C83B73EF1BF70C8F00EEB97E /* Release */ = {
			isa = XCBuildConfiguration;
			buildSettings = {
				BUNDLE_LOADER = "$(TEST_HOST)";
				FRAMEWORK_SEARCH_PATHS = (
					"$(SDKROOT)/Developer/Library/Frameworks",
					"$(inherited)",
				);
				INFOPLIST_FILE = OpenFeelTests/Info.plist;
				LD_RUNPATH_SEARCH_PATHS = "$(inherited) @executable_path/Frameworks @loader_path/Frameworks";
				PRODUCT_NAME = "$(TARGET_NAME)";
				TEST_HOST = "$(BUILT_PRODUCTS_DIR)/OpenFeel.app/OpenFeel";
			};
			name = Release;
		};
/* End XCBuildConfiguration section */

/* Begin XCConfigurationList section */
		C83B73C61BF70C8F00EEB97E /* Build configuration list for PBXProject "OpenFeel" */ = {
			isa = XCConfigurationList;
			buildConfigurations = (
				C83B73E81BF70C8F00EEB97E /* Debug */,
				C83B73E91BF70C8F00EEB97E /* Release */,
			);
			defaultConfigurationIsVisible = 0;
			defaultConfigurationName = Release;
		};
		C83B73EA1BF70C8F00EEB97E /* Build configuration list for PBXNativeTarget "OpenFeel" */ = {
			isa = XCConfigurationList;
			buildConfigurations = (
				C83B73EB1BF70C8F00EEB97E /* Debug */,
				C83B73EC1BF70C8F00EEB97E /* Release */,
			);
			defaultConfigurationIsVisible = 0;
		};
		C83B73ED1BF70C8F00EEB97E /* Build configuration list for PBXNativeTarget "OpenFeelTests" */ = {
			isa = XCConfigurationList;
			buildConfigurations = (
				C83B73EE1BF70C8F00EEB97E /* Debug */,
				C83B73EF1BF70C8F00EEB97E /* Release */,
			);
			defaultConfigurationIsVisible = 0;
		};
/* End XCConfigurationList section */
	};
	rootObject = C83B73C31BF70C8F00EEB97E /* Project object */;
}
